
Microsoft Visual Studio Solution File, Format Version 12.00
# Visual Studio Version 16
VisualStudioVersion = 16.0.30002.166
MinimumVisualStudioVersion = 10.0.40219.1
Project("{FAE04EC0-301F-11D3-BF4B-00C04F79EFBC}") = "BalderHash", "BalderHash\BalderHash.csproj", "{524744A1-5B6E-4F9F-8F4A-B0246E161688}"
EndProject
Project("{FAE04EC0-301F-11D3-BF4B-00C04F79EFBC}") = "BalderHashTests", "BalderHashTests\BalderHashTests.csproj", "{091317BA-7116-43C8-8561-219DF5B68550}"
EndProject
Global
	GlobalSection(SolutionConfigurationPlatforms) = preSolution
		Debug|Any CPU = Debug|Any CPU
		Release|Any CPU = Release|Any CPU
	EndGlobalSection
	GlobalSection(ProjectConfigurationPlatforms) = postSolution
		{524744A1-5B6E-4F9F-8F4A-B0246E161688}.Debug|Any CPU.ActiveCfg = Debug|Any CPU
		{524744A1-5B6E-4F9F-8F4A-B0246E161688}.Debug|Any CPU.Build.0 = Debug|Any CPU
		{524744A1-5B6E-4F9F-8F4A-B0246E161688}.Release|Any CPU.ActiveCfg = Release|Any CPU
		{524744A1-5B6E-4F9F-8F4A-B0246E161688}.Release|Any CPU.Build.0 = Release|Any CPU
		{091317BA-7116-43C8-8561-219DF5B68550}.Debug|Any CPU.ActiveCfg = Debug|Any CPU
		{091317BA-7116-43C8-8561-219DF5B68550}.Debug|Any CPU.Build.0 = Debug|Any CPU
		{091317BA-7116-43C8-8561-219DF5B68550}.Release|Any CPU.ActiveCfg = Release|Any CPU
		{091317BA-7116-43C8-8561-219DF5B68550}.Release|Any CPU.Build.0 = Release|Any CPU
	EndGlobalSection
	GlobalSection(SolutionProperties) = preSolution
		HideSolutionNode = FALSE
	EndGlobalSection
	GlobalSection(ExtensibilityGlobals) = postSolution
		SolutionGuid = {8BE69F08-115B-40A2-A9F9-7020ADEF7CAB}
	EndGlobalSection
EndGlobal
